
Microsoft Visual Studio Solution File, Format Version 12.00
# Visual Studio Version 16
VisualStudioVersion = 16.0.29324.140
MinimumVisualStudioVersion = 10.0.40219.1
Project("{FAE04EC0-301F-11D3-BF4B-00C04F79EFBC}") = "HT.IMS.WebApp", "HT.IMS.WebApp\HT.IMS.WebApp.csproj", "{2FD371F9-E9D4-4ACF-80FE-43570334DF1E}"
EndProject
Global
	GlobalSection(SolutionConfigurationPlatforms) = preSolution
		Debug|Any CPU = Debug|Any CPU
		Release|Any CPU = Release|Any CPU
	EndGlobalSection
	GlobalSection(ProjectConfigurationPlatforms) = postSolution
		{2FD371F9-E9D4-4ACF-80FE-43570334DF1E}.Debug|Any CPU.ActiveCfg = Debug|Any CPU
		{2FD371F9-E9D4-4ACF-80FE-43570334DF1E}.Debug|Any CPU.Build.0 = Debug|Any CPU
		{2FD371F9-E9D4-4ACF-80FE-43570334DF1E}.Release|Any CPU.ActiveCfg = Release|Any CPU
		{2FD371F9-E9D4-4ACF-80FE-43570334DF1E}.Release|Any CPU.Build.0 = Release|Any CPU
	EndGlobalSection
	GlobalSection(SolutionProperties) = preSolution
		HideSolutionNode = FALSE
	EndGlobalSection
	GlobalSection(ExtensibilityGlobals) = postSolution
		SolutionGuid = {43E6A4CB-43F9-4E91-B229-2BD84F90F633}
	EndGlobalSection
EndGlobal
